{
    "name": "wf",
    "version": "1.0.4",
    "lockfileVersion": 3,
    "requires": true,
    "packages": {
        "": {
            "name": "wf",
            "version": "1.0.4",
            "license": "MIT",
            "dependencies": {
                "ip": "github:ealvar3z/node-ip#v3.0.0"
            },
            "bin": {
                "wf": "main.js"
            }
        },
        "node_modules/ip": {
            "version": "3.0.0",
            "resolved": "git+ssh://git@github.com/ealvar3z/node-ip.git#474d43886c744f01728b7da5cf2f00802d7f20b0",
            "license": "MIT"
        }
    }
}
